
Microsoft Visual Studio Solution File, Format Version 12.00
# Visual Studio Version 16
VisualStudioVersion = 16.0.29911.84
MinimumVisualStudioVersion = 10.0.40219.1
Project("{FAE04EC0-301F-11D3-BF4B-00C04F79EFBC}") = "SEOAP", "SEOAP\SEOAP.csproj", "{3D001C90-762A-456F-8A3E-1686798BA671}"
EndProject
Project("{9A19103F-16F7-4668-BE54-9A1E7A4F7556}") = "SimplySEO", "SimplySEO\SimplySEO.csproj", "{0837CE58-AEDA-47F5-8ABA-1118427C9C37}"
EndProject
Project("{FAE04EC0-301F-11D3-BF4B-00C04F79EFBC}") = "MSSEOUnitTest", "MSSEOUnitTest\MSSEOUnitTest.csproj", "{00B159E1-10F3-478D-94EA-9CEFF5AE7AD1}"
EndProject
Global
	GlobalSection(SolutionConfigurationPlatforms) = preSolution
		Debug|Any CPU = Debug|Any CPU
		Release|Any CPU = Release|Any CPU
	EndGlobalSection
	GlobalSection(ProjectConfigurationPlatforms) = postSolution
		{3D001C90-762A-456F-8A3E-1686798BA671}.Debug|Any CPU.ActiveCfg = Debug|Any CPU
		{3D001C90-762A-456F-8A3E-1686798BA671}.Debug|Any CPU.Build.0 = Debug|Any CPU
		{3D001C90-762A-456F-8A3E-1686798BA671}.Release|Any CPU.ActiveCfg = Release|Any CPU
		{3D001C90-762A-456F-8A3E-1686798BA671}.Release|Any CPU.Build.0 = Release|Any CPU
		{0837CE58-AEDA-47F5-8ABA-1118427C9C37}.Debug|Any CPU.ActiveCfg = Debug|Any CPU
		{0837CE58-AEDA-47F5-8ABA-1118427C9C37}.Debug|Any CPU.Build.0 = Debug|Any CPU
		{0837CE58-AEDA-47F5-8ABA-1118427C9C37}.Release|Any CPU.ActiveCfg = Release|Any CPU
		{0837CE58-AEDA-47F5-8ABA-1118427C9C37}.Release|Any CPU.Build.0 = Release|Any CPU
		{00B159E1-10F3-478D-94EA-9CEFF5AE7AD1}.Debug|Any CPU.ActiveCfg = Debug|Any CPU
		{00B159E1-10F3-478D-94EA-9CEFF5AE7AD1}.Debug|Any CPU.Build.0 = Debug|Any CPU
		{00B159E1-10F3-478D-94EA-9CEFF5AE7AD1}.Release|Any CPU.ActiveCfg = Release|Any CPU
		{00B159E1-10F3-478D-94EA-9CEFF5AE7AD1}.Release|Any CPU.Build.0 = Release|Any CPU
	EndGlobalSection
	GlobalSection(SolutionProperties) = preSolution
		HideSolutionNode = FALSE
	EndGlobalSection
	GlobalSection(ExtensibilityGlobals) = postSolution
		SolutionGuid = {ED1FC518-804E-41FA-B3CD-F350FFA4EC89}
	EndGlobalSection
EndGlobal
